
Microsoft Visual Studio Solution File, Format Version 12.00
# Visual Studio Version 17
VisualStudioVersion = 17.2.32526.322
MinimumVisualStudioVersion = 10.0.40219.1
Project("{FAE04EC0-301F-11D3-BF4B-00C04F79EFBC}") = "LinkBilgisayarWeek3Task.API", "LinkBilgisayarWeek3Task.API\LinkBilgisayarWeek3Task.API.csproj", "{74DCEB02-229E-4D49-91F6-75E3A4D965D9}"
EndProject
Project("{FAE04EC0-301F-11D3-BF4B-00C04F79EFBC}") = "LinkBilgisayarWeek3Task.Data", "LinkBilgisayarWeek3Task.Data\LinkBilgisayarWeek3Task.Data.csproj", "{3663EA51-C496-4033-9A73-60CFBD272EA9}"
EndProject
Project("{FAE04EC0-301F-11D3-BF4B-00C04F79EFBC}") = "LinkBilgisayarWeek3Task.Service", "LinkBilgisayarWeek3Task.Service\LinkBilgisayarWeek3Task.Service.csproj", "{1C9E8CC5-16E1-4FDD-BF10-1A4EF37EC2D7}"
EndProject
Global
	GlobalSection(SolutionConfigurationPlatforms) = preSolution
		Debug|Any CPU = Debug|Any CPU
		Release|Any CPU = Release|Any CPU
	EndGlobalSection
	GlobalSection(ProjectConfigurationPlatforms) = postSolution
		{74DCEB02-229E-4D49-91F6-75E3A4D965D9}.Debug|Any CPU.ActiveCfg = Debug|Any CPU
		{74DCEB02-229E-4D49-91F6-75E3A4D965D9}.Debug|Any CPU.Build.0 = Debug|Any CPU
		{74DCEB02-229E-4D49-91F6-75E3A4D965D9}.Release|Any CPU.ActiveCfg = Release|Any CPU
		{74DCEB02-229E-4D49-91F6-75E3A4D965D9}.Release|Any CPU.Build.0 = Release|Any CPU
		{3663EA51-C496-4033-9A73-60CFBD272EA9}.Debug|Any CPU.ActiveCfg = Debug|Any CPU
		{3663EA51-C496-4033-9A73-60CFBD272EA9}.Debug|Any CPU.Build.0 = Debug|Any CPU
		{3663EA51-C496-4033-9A73-60CFBD272EA9}.Release|Any CPU.ActiveCfg = Release|Any CPU
		{3663EA51-C496-4033-9A73-60CFBD272EA9}.Release|Any CPU.Build.0 = Release|Any CPU
		{1C9E8CC5-16E1-4FDD-BF10-1A4EF37EC2D7}.Debug|Any CPU.ActiveCfg = Debug|Any CPU
		{1C9E8CC5-16E1-4FDD-BF10-1A4EF37EC2D7}.Debug|Any CPU.Build.0 = Debug|Any CPU
		{1C9E8CC5-16E1-4FDD-BF10-1A4EF37EC2D7}.Release|Any CPU.ActiveCfg = Release|Any CPU
		{1C9E8CC5-16E1-4FDD-BF10-1A4EF37EC2D7}.Release|Any CPU.Build.0 = Release|Any CPU
	EndGlobalSection
	GlobalSection(SolutionProperties) = preSolution
		HideSolutionNode = FALSE
	EndGlobalSection
	GlobalSection(ExtensibilityGlobals) = postSolution
		SolutionGuid = {486B16F2-2498-4857-BE29-91948EF78252}
	EndGlobalSection
EndGlobal
